{
  "name": "plugins",
  "lockfileVersion": 3,
  "requires": true,
  "packages": {
    "": {
      "dependencies": {
        "sonarlint": "^1.1.0"
      }
    },
    "node_modules/sonarlint": {
      "version": "1.1.0",
      "resolved": "https://artifactory.cgm.ag:443/artifactory/api/npm/global.npm.virtual/sonarlint/-/sonarlint-1.1.0.tgz",
      "integrity": "sha512-FSzPtaKNyNcKB1gtD+135JMP/JeFNXyjghZAWALBDU3Ilt9g9TmtihRfxtFS9Fw9BpPkccRQOKZcAA51YmD3FQ==",
      "bin": {
        "sonarlint": "src/index.js"
      }
    }
  }
}
